
Microsoft Visual Studio Solution File, Format Version 12.00
Project("{FAE04EC0-301F-11D3-BF4B-00C04F79EFBC}") = "ObjectFilter", "ObjectFilter\ObjectFilter.csproj", "{69DD2277-2057-47FD-8D8B-2A06C715756B}"
EndProject
Project("{FAE04EC0-301F-11D3-BF4B-00C04F79EFBC}") = "UnitTest", "UnitTest\UnitTest.csproj", "{0F3C64FD-9821-4E22-BC72-DD6C5488551C}"
EndProject
Global
	GlobalSection(SolutionConfigurationPlatforms) = preSolution
		Debug|Any CPU = Debug|Any CPU
		Release|Any CPU = Release|Any CPU
	EndGlobalSection
	GlobalSection(ProjectConfigurationPlatforms) = postSolution
		{69DD2277-2057-47FD-8D8B-2A06C715756B}.Debug|Any CPU.ActiveCfg = Debug|Any CPU
		{69DD2277-2057-47FD-8D8B-2A06C715756B}.Debug|Any CPU.Build.0 = Debug|Any CPU
		{69DD2277-2057-47FD-8D8B-2A06C715756B}.Release|Any CPU.ActiveCfg = Release|Any CPU
		{69DD2277-2057-47FD-8D8B-2A06C715756B}.Release|Any CPU.Build.0 = Release|Any CPU
		{0F3C64FD-9821-4E22-BC72-DD6C5488551C}.Debug|Any CPU.ActiveCfg = Debug|Any CPU
		{0F3C64FD-9821-4E22-BC72-DD6C5488551C}.Debug|Any CPU.Build.0 = Debug|Any CPU
		{0F3C64FD-9821-4E22-BC72-DD6C5488551C}.Release|Any CPU.ActiveCfg = Release|Any CPU
		{0F3C64FD-9821-4E22-BC72-DD6C5488551C}.Release|Any CPU.Build.0 = Release|Any CPU
	EndGlobalSection
EndGlobal
